<?xml version="1.0" encoding="utf-8"?>
<Project ToolsVersion="4.0" xmlns="http://schemas.microsoft.com/developer/msbuild/2003">
  <ItemGroup>
    <Filter Include="Source Files">
      <UniqueIdentifier>{4FC737F1-C7A5-4376-A066-2A32D752A2FF}</UniqueIdentifier>
      <Extensions>cpp;c;cc;cxx;def;odl;idl;hpj;bat;asm;asmx</Extensions>
    </Filter>
    <Filter Include="Header Files">
      <UniqueIdentifier>{93995380-89BD-4b04-88EB-625FBE52EBFB}</UniqueIdentifier>
      <Extensions>h;hh;hpp;hxx;hm;inl;inc;xsd</Extensions>
    </Filter>
    <Filter Include="Resource Files">
      <UniqueIdentifier>{67DA6AB6-F800-4c08-8B7A-83BB121AAD01}</UniqueIdentifier>
      <Extensions>rc;ico;cur;bmp;dlg;rc2;rct;bin;rgs;gif;jpg;jpeg;jpe;resx;tiff;tif;png;wav;mfcribbon-ms</Extensions>
    </Filter>
    <Filter Include="Header Files\shader">
      <UniqueIdentifier>{f10e9c16-b0b3-4203-b4d8-d30d39ef7957}</UniqueIdentifier>
    </Filter>
    <Filter Include="Source Files\shader">
      <UniqueIdentifier>{6be47615-0bb7-4018-ba60-b785360c9717}</UniqueIdentifier>
    </Filter>
  </ItemGroup>
  <ItemGroup>
    <ClCompile Include="..\..\..\MeshLoader\MeshLoader.cpp">
      <Filter>Source Files</Filter>
    </ClCompile>
    <ClCompile Include="..\..\..\MeshLoader\MeshSurface.cpp">
      <Filter>Source Files</Filter>
    </ClCompile>
    <ClCompile Include="..\..\..\MeshLoader\types.cpp">
      <Filter>Source Files</Filter>
    </ClCompile>
    <ClCompile Include="..\..\emc_ogl\main.cpp">
      <Filter>Source Files</Filter>
    </ClCompile>
    <ClCompile Include="..\..\..\MeshLoader\File.cpp">
      <Filter>Source Files</Filter>
    </ClCompile>
    <ClCompile Include="..\..\..\MeshLoader\FileReader.cpp">
      <Filter>Source Files</Filter>
    </ClCompile>
    <ClCompile Include="..\..\..\MeshLoader\Img.cpp">
      <Filter>Source Files</Filter>
    </ClCompile>
    <ClCompile Include="..\..\..\MeshLoader\Log.cpp">
      <Filter>Source Files</Filter>
    </ClCompile>
    <ClCompile Include="..\..\..\MeshLoader\Tga.cpp">
      <Filter>Source Files</Filter>
    </ClCompile>
    <ClCompile Include="..\..\emc_ogl\shader\Shader.cpp">
      <Filter>Source Files\shader</Filter>
    </ClCompile>
    <ClCompile Include="..\..\emc_ogl\shader\Simple.cpp">
      <Filter>Source Files\shader</Filter>
    </ClCompile>
    <ClCompile Include="..\..\emc_ogl\shader\Color.cpp">
      <Filter>Source Files\shader</Filter>
    </ClCompile>
    <ClCompile Include="..\..\emc_ogl\shader\ColorPosAttrib.cpp">
      <Filter>Source Files\shader</Filter>
    </ClCompile>
    <ClCompile Include="..\..\emc_ogl\shader\Texture.cpp">
      <Filter>Source Files\shader</Filter>
    </ClCompile>
    <ClCompile Include="..\..\emc_ogl\Exception.cpp">
      <Filter>Source Files</Filter>
    </ClCompile>
    <ClCompile Include="..\..\emc_ogl\RT.cpp">
      <Filter>Source Files</Filter>
    </ClCompile>
    <ClCompile Include="..\..\emc_ogl\Helpers.cpp">
      <Filter>Source Files</Filter>
    </ClCompile>
    <ClCompile Include="..\..\emc_ogl\shader\Contrast.cpp">
      <Filter>Source Files\shader</Filter>
    </ClCompile>
    <ClCompile Include="..\..\emc_ogl\Globals.cpp">
      <Filter>Source Files</Filter>
    </ClCompile>
    <ClCompile Include="..\..\emc_ogl\SAT.cpp">
      <Filter>Source Files</Filter>
    </ClCompile>
    <ClCompile Include="..\..\emc_ogl\Timer.cpp">
      <Filter>Source Files</Filter>
    </ClCompile>
    <ClCompile Include="..\..\emc_ogl\shader\Spherical.cpp">
      <Filter>Source Files\shader</Filter>
    </ClCompile>
    <ClCompile Include="..\..\emc_ogl\shader\VBlur9x.cpp">
      <Filter>Source Files\shader</Filter>
    </ClCompile>
    <ClCompile Include="..\..\emc_ogl\shader\HBlur9x.cpp">
      <Filter>Source Files\shader</Filter>
    </ClCompile>
    <ClCompile Include="..\..\emc_ogl\shader\VBlur7x.cpp">
      <Filter>Source Files\shader</Filter>
    </ClCompile>
    <ClCompile Include="..\..\emc_ogl\shader\HBlur7x.cpp">
      <Filter>Source Files\shader</Filter>
    </ClCompile>
    <ClCompile Include="..\..\emc_ogl\shader\CRTShader.cpp">
      <Filter>Source Files\shader</Filter>
    </ClCompile>
    <ClCompile Include="..\..\emc_ogl\shader\BloomPass1.cpp">
      <Filter>Source Files\shader</Filter>
    </ClCompile>
    <ClCompile Include="..\..\emc_ogl\shader\BloomPass2.cpp">
      <Filter>Source Files\shader</Filter>
    </ClCompile>
    <ClCompile Include="..\..\emc_ogl\shader\Highlight.cpp">
      <Filter>Source Files\shader</Filter>
    </ClCompile>
    <ClCompile Include="..\..\emc_ogl\shader\CombineMAdd.cpp">
      <Filter>Source Files\shader</Filter>
    </ClCompile>
    <ClCompile Include="..\..\emc_ogl\shader\TextureColorMod.cpp">
      <Filter>Source Files\shader</Filter>
    </ClCompile>
  </ItemGroup>
  <ItemGroup>
    <ClInclude Include="..\..\..\MeshLoader\Deserialize.h">
      <Filter>Header Files</Filter>
    </ClInclude>
    <ClInclude Include="..\..\..\MeshLoader\Image.h">
      <Filter>Header Files</Filter>
    </ClInclude>
    <ClInclude Include="..\..\..\MeshLoader\MeshLoader.h">
      <Filter>Header Files</Filter>
    </ClInclude>
    <ClInclude Include="..\..\..\MeshLoader\MeshSurface.h">
      <Filter>Header Files</Filter>
    </ClInclude>
    <ClInclude Include="..\..\..\MeshLoader\pch.h">
      <Filter>Header Files</Filter>
    </ClInclude>
    <ClInclude Include="..\..\..\MeshLoader\types.h">
      <Filter>Header Files</Filter>
    </ClInclude>
    <ClInclude Include="..\..\..\MeshLoader\File.h">
      <Filter>Header Files</Filter>
    </ClInclude>
    <ClInclude Include="..\..\..\MeshLoader\FileReader.h">
      <Filter>Header Files</Filter>
    </ClInclude>
    <ClInclude Include="..\..\..\MeshLoader\Img.h">
      <Filter>Header Files</Filter>
    </ClInclude>
    <ClInclude Include="..\..\..\MeshLoader\Log.h">
      <Filter>Header Files</Filter>
    </ClInclude>
    <ClInclude Include="..\..\..\MeshLoader\Logger.h">
      <Filter>Header Files</Filter>
    </ClInclude>
    <ClInclude Include="..\..\..\MeshLoader\Tga.h">
      <Filter>Header Files</Filter>
    </ClInclude>
    <ClInclude Include="..\..\emc_ogl\shader\Shader.h">
      <Filter>Header Files\shader</Filter>
    </ClInclude>
    <ClInclude Include="..\..\emc_ogl\shader\Simple.h">
      <Filter>Header Files\shader</Filter>
    </ClInclude>
    <ClInclude Include="..\..\emc_ogl\Logging.h">
      <Filter>Header Files</Filter>
    </ClInclude>
    <ClInclude Include="..\..\emc_ogl\Exception.h">
      <Filter>Header Files</Filter>
    </ClInclude>
    <ClInclude Include="..\..\emc_ogl\shader\Color.h">
      <Filter>Header Files\shader</Filter>
    </ClInclude>
    <ClInclude Include="..\..\emc_ogl\shader\ColorPosAttrib.h">
      <Filter>Header Files\shader</Filter>
    </ClInclude>
    <ClInclude Include="..\..\emc_ogl\shader\Texture.h">
      <Filter>Header Files\shader</Filter>
    </ClInclude>
    <ClInclude Include="..\..\emc_ogl\RT.h">
      <Filter>Header Files</Filter>
    </ClInclude>
    <ClInclude Include="..\..\emc_ogl\Helpers.h">
      <Filter>Header Files</Filter>
    </ClInclude>
    <ClInclude Include="..\..\emc_ogl\shader\Contrast.h">
      <Filter>Header Files\shader</Filter>
    </ClInclude>
    <ClInclude Include="..\..\emc_ogl\Globals.h">
      <Filter>Header Files</Filter>
    </ClInclude>
    <ClInclude Include="..\..\emc_ogl\SAT.h">
      <Filter>Header Files</Filter>
    </ClInclude>
    <ClInclude Include="..\..\emc_ogl\AABB.h">
      <Filter>Header Files</Filter>
    </ClInclude>
    <ClInclude Include="..\..\emc_ogl\Timer.h">
      <Filter>Header Files</Filter>
    </ClInclude>
    <ClInclude Include="..\..\emc_ogl\Envelope.h">
      <Filter>Header Files</Filter>
    </ClInclude>
    <ClInclude Include="..\..\emc_ogl\shader\Spherical.h">
      <Filter>Header Files\shader</Filter>
    </ClInclude>
    <ClInclude Include="..\..\emc_ogl\shader\HBlur9x.h">
      <Filter>Header Files\shader</Filter>
    </ClInclude>
    <ClInclude Include="..\..\emc_ogl\shader\VBlur9x.h">
      <Filter>Header Files\shader</Filter>
    </ClInclude>
    <ClInclude Include="..\..\emc_ogl\shader\VBlur7x.h">
      <Filter>Header Files\shader</Filter>
    </ClInclude>
    <ClInclude Include="..\..\emc_ogl\shader\HBlur7x.h">
      <Filter>Header Files\shader</Filter>
    </ClInclude>
    <ClInclude Include="..\..\emc_ogl\shader\CRTShader.h">
      <Filter>Header Files\shader</Filter>
    </ClInclude>
    <ClInclude Include="..\..\emc_ogl\shader\BloomPass1.h">
      <Filter>Header Files\shader</Filter>
    </ClInclude>
    <ClInclude Include="..\..\emc_ogl\shader\BloomPass2.h">
      <Filter>Header Files\shader</Filter>
    </ClInclude>
    <ClInclude Include="..\..\emc_ogl\shader\Highlight.h">
      <Filter>Header Files\shader</Filter>
    </ClInclude>
    <ClInclude Include="..\..\emc_ogl\shader\CombineMAdd.h">
      <Filter>Header Files\shader</Filter>
    </ClInclude>
    <ClInclude Include="..\..\emc_ogl\Socket.h">
      <Filter>Header Files</Filter>
    </ClInclude>
    <ClInclude Include="..\..\emc_ogl\shader\TextureColorMod.h">
      <Filter>Header Files\shader</Filter>
    </ClInclude>
  </ItemGroup>
</Project>